
Microsoft Visual Studio Solution File, Format Version 12.00
# Visual Studio Version 17
VisualStudioVersion = 17.0.32112.339
MinimumVisualStudioVersion = 10.0.40219.1
Project("{9A19103F-16F7-4668-BE54-9A1E7A4F7556}") = "VSMS-ASP", "VSMS-ASP\VSMS-ASP.csproj", "{F98A6C3D-9921-40CE-AA0B-87C64E1D724E}"
EndProject
Project("{9A19103F-16F7-4668-BE54-9A1E7A4F7556}") = "VSMS.Core", "VSMS.Core\VSMS.Core.csproj", "{CF300DE2-0D19-4E7D-8AD7-57731F4D1E7C}"
EndProject
Project("{9A19103F-16F7-4668-BE54-9A1E7A4F7556}") = "VSMS.Infrastructure", "VSMS.Infrastructure\VSMS.Infrastructure.csproj", "{5CD31E52-0077-4BF1-AD7C-278F5DCAAC60}"
EndProject
Project("{9A19103F-16F7-4668-BE54-9A1E7A4F7556}") = "VSMS.Test", "VSMS.Test\VSMS.Test.csproj", "{743F9BB6-6E3B-49B4-813A-D81D521AE853}"
EndProject
Project("{FAE04EC0-301F-11D3-BF4B-00C04F79EFBC}") = "VSMS.API", "VSMS.API\VSMS.API.csproj", "{40CAB60C-72DC-4A9D-AA01-756C867F33F5}"
EndProject
Global
	GlobalSection(SolutionConfigurationPlatforms) = preSolution
		Debug|Any CPU = Debug|Any CPU
		Release|Any CPU = Release|Any CPU
	EndGlobalSection
	GlobalSection(ProjectConfigurationPlatforms) = postSolution
		{F98A6C3D-9921-40CE-AA0B-87C64E1D724E}.Debug|Any CPU.ActiveCfg = Debug|Any CPU
		{F98A6C3D-9921-40CE-AA0B-87C64E1D724E}.Debug|Any CPU.Build.0 = Debug|Any CPU
		{F98A6C3D-9921-40CE-AA0B-87C64E1D724E}.Release|Any CPU.ActiveCfg = Release|Any CPU
		{F98A6C3D-9921-40CE-AA0B-87C64E1D724E}.Release|Any CPU.Build.0 = Release|Any CPU
		{CF300DE2-0D19-4E7D-8AD7-57731F4D1E7C}.Debug|Any CPU.ActiveCfg = Debug|Any CPU
		{CF300DE2-0D19-4E7D-8AD7-57731F4D1E7C}.Debug|Any CPU.Build.0 = Debug|Any CPU
		{CF300DE2-0D19-4E7D-8AD7-57731F4D1E7C}.Release|Any CPU.ActiveCfg = Release|Any CPU
		{CF300DE2-0D19-4E7D-8AD7-57731F4D1E7C}.Release|Any CPU.Build.0 = Release|Any CPU
		{5CD31E52-0077-4BF1-AD7C-278F5DCAAC60}.Debug|Any CPU.ActiveCfg = Debug|Any CPU
		{5CD31E52-0077-4BF1-AD7C-278F5DCAAC60}.Debug|Any CPU.Build.0 = Debug|Any CPU
		{5CD31E52-0077-4BF1-AD7C-278F5DCAAC60}.Release|Any CPU.ActiveCfg = Release|Any CPU
		{5CD31E52-0077-4BF1-AD7C-278F5DCAAC60}.Release|Any CPU.Build.0 = Release|Any CPU
		{743F9BB6-6E3B-49B4-813A-D81D521AE853}.Debug|Any CPU.ActiveCfg = Debug|Any CPU
		{743F9BB6-6E3B-49B4-813A-D81D521AE853}.Debug|Any CPU.Build.0 = Debug|Any CPU
		{743F9BB6-6E3B-49B4-813A-D81D521AE853}.Release|Any CPU.ActiveCfg = Release|Any CPU
		{743F9BB6-6E3B-49B4-813A-D81D521AE853}.Release|Any CPU.Build.0 = Release|Any CPU
		{40CAB60C-72DC-4A9D-AA01-756C867F33F5}.Debug|Any CPU.ActiveCfg = Debug|Any CPU
		{40CAB60C-72DC-4A9D-AA01-756C867F33F5}.Debug|Any CPU.Build.0 = Debug|Any CPU
		{40CAB60C-72DC-4A9D-AA01-756C867F33F5}.Release|Any CPU.ActiveCfg = Release|Any CPU
		{40CAB60C-72DC-4A9D-AA01-756C867F33F5}.Release|Any CPU.Build.0 = Release|Any CPU
	EndGlobalSection
	GlobalSection(SolutionProperties) = preSolution
		HideSolutionNode = FALSE
	EndGlobalSection
	GlobalSection(ExtensibilityGlobals) = postSolution
		SolutionGuid = {E25C47FD-4EF9-4A49-B1C1-5508AB192B07}
	EndGlobalSection
EndGlobal
